github.com/gominima/docgen v0.0.0-20220116050711-96537d3653b7 h1:UtOuC+vHy/tcRbYgpp1GyPDZTHXyHWd8hPOXYbtYN48=
github.com/gominima/docgen v0.0.0-20220116050711-96537d3653b7/go.mod h1:JqbCUnPIP7UB4l8KVmhkFpwjSEu02UxilpOe2m5/Oug=
github.com/gominima/docgen v0.0.0-20220119070321-3c2d34b92880 h1:6MyOCSV25gjlgGVqHhdbXOf99j0gtq4KWjdNh/2bORA=
github.com/gominima/docgen v0.0.0-20220119070321-3c2d34b92880/go.mod h1:JqbCUnPIP7UB4l8KVmhkFpwjSEu02UxilpOe2m5/Oug=
